{
  "name": "term-list",
  "version": "1.0.0",
  "lockfileVersion": 1,
  "dependencies": {
    "keypress": {
      "version": "0.2.1",
      "resolved": "http://r.cnpmjs.org/keypress/download/keypress-0.2.1.tgz",
      "integrity": "sha1-HoBFQlABjbrUw/6USX1uZ7YmnHc="
    },
    "term-canvas": {
      "version": "0.0.5",
      "resolved": "http://r.cnpmjs.org/term-canvas/download/term-canvas-0.0.5.tgz",
      "integrity": "sha1-WXr6wvpjaabxeGC86cX2bW6gypY="
    }
  }
}
